
Microsoft Visual Studio Solution File, Format Version 12.00
# Visual Studio Version 17
VisualStudioVersion = 17.7.34031.279
MinimumVisualStudioVersion = 10.0.40219.1
Project("{FAE04EC0-301F-11D3-BF4B-00C04F79EFBC}") = "MoviesApi", "MoviesApi\MoviesApi.csproj", "{82296497-F81E-41E7-B9E1-F89D6AD68EF0}"
EndProject
Global
	GlobalSection(SolutionConfigurationPlatforms) = preSolution
		Debug|Any CPU = Debug|Any CPU
		Release|Any CPU = Release|Any CPU
	EndGlobalSection
	GlobalSection(ProjectConfigurationPlatforms) = postSolution
		{82296497-F81E-41E7-B9E1-F89D6AD68EF0}.Debug|Any CPU.ActiveCfg = Debug|Any CPU
		{82296497-F81E-41E7-B9E1-F89D6AD68EF0}.Debug|Any CPU.Build.0 = Debug|Any CPU
		{82296497-F81E-41E7-B9E1-F89D6AD68EF0}.Release|Any CPU.ActiveCfg = Release|Any CPU
		{82296497-F81E-41E7-B9E1-F89D6AD68EF0}.Release|Any CPU.Build.0 = Release|Any CPU
	EndGlobalSection
	GlobalSection(SolutionProperties) = preSolution
		HideSolutionNode = FALSE
	EndGlobalSection
	GlobalSection(ExtensibilityGlobals) = postSolution
		SolutionGuid = {EFF47D74-5E34-4FD2-9E66-AC39839854F4}
	EndGlobalSection
EndGlobal
